
Microsoft Visual Studio Solution File, Format Version 12.00
# Visual Studio Version 16
VisualStudioVersion = 16.0.32413.511
MinimumVisualStudioVersion = 10.0.40219.1
Project("{FAE04EC0-301F-11D3-BF4B-00C04F79EFBC}") = "LJHHomework2", "LJHHomework2\LJHHomework2.csproj", "{5B4F8C3D-FA5B-4AFF-8149-580CCC59DB10}"
EndProject
Global
	GlobalSection(SolutionConfigurationPlatforms) = preSolution
		Debug|Any CPU = Debug|Any CPU
		Release|Any CPU = Release|Any CPU
	EndGlobalSection
	GlobalSection(ProjectConfigurationPlatforms) = postSolution
		{5B4F8C3D-FA5B-4AFF-8149-580CCC59DB10}.Debug|Any CPU.ActiveCfg = Debug|Any CPU
		{5B4F8C3D-FA5B-4AFF-8149-580CCC59DB10}.Debug|Any CPU.Build.0 = Debug|Any CPU
		{5B4F8C3D-FA5B-4AFF-8149-580CCC59DB10}.Release|Any CPU.ActiveCfg = Release|Any CPU
		{5B4F8C3D-FA5B-4AFF-8149-580CCC59DB10}.Release|Any CPU.Build.0 = Release|Any CPU
	EndGlobalSection
	GlobalSection(SolutionProperties) = preSolution
		HideSolutionNode = FALSE
	EndGlobalSection
	GlobalSection(ExtensibilityGlobals) = postSolution
		SolutionGuid = {87B7D6FE-04C4-4F2A-9F5F-53C0364018F4}
	EndGlobalSection
EndGlobal
